
Microsoft Visual Studio Solution File, Format Version 12.00
# Visual Studio Version 17
VisualStudioVersion = 17.0.32112.339
MinimumVisualStudioVersion = 10.0.40219.1
Project("{FAE04EC0-301F-11D3-BF4B-00C04F79EFBC}") = "BookAPI", "BookAPI\BookAPI.csproj", "{2B924F5B-308C-44D2-BA8C-F7B42D9F338B}"
EndProject
Global
	GlobalSection(SolutionConfigurationPlatforms) = preSolution
		Debug|Any CPU = Debug|Any CPU
		Release|Any CPU = Release|Any CPU
	EndGlobalSection
	GlobalSection(ProjectConfigurationPlatforms) = postSolution
		{2B924F5B-308C-44D2-BA8C-F7B42D9F338B}.Debug|Any CPU.ActiveCfg = Debug|Any CPU
		{2B924F5B-308C-44D2-BA8C-F7B42D9F338B}.Debug|Any CPU.Build.0 = Debug|Any CPU
		{2B924F5B-308C-44D2-BA8C-F7B42D9F338B}.Release|Any CPU.ActiveCfg = Release|Any CPU
		{2B924F5B-308C-44D2-BA8C-F7B42D9F338B}.Release|Any CPU.Build.0 = Release|Any CPU
	EndGlobalSection
	GlobalSection(SolutionProperties) = preSolution
		HideSolutionNode = FALSE
	EndGlobalSection
	GlobalSection(ExtensibilityGlobals) = postSolution
		SolutionGuid = {4195BE0E-D955-4E5A-AEB8-FE31EC1AE5B5}
	EndGlobalSection
EndGlobal
